
Microsoft Visual Studio Solution File, Format Version 12.00
# Visual Studio Version 17
VisualStudioVersion = 17.3.32929.385
MinimumVisualStudioVersion = 10.0.40219.1
Project("{FAE04EC0-301F-11D3-BF4B-00C04F79EFBC}") = "TextEditor", "TextEditor\TextEditor.csproj", "{FF029D77-5367-4822-844E-A173D2854F91}"
EndProject
Global
	GlobalSection(SolutionConfigurationPlatforms) = preSolution
		Debug|Any CPU = Debug|Any CPU
		Release|Any CPU = Release|Any CPU
	EndGlobalSection
	GlobalSection(ProjectConfigurationPlatforms) = postSolution
		{FF029D77-5367-4822-844E-A173D2854F91}.Debug|Any CPU.ActiveCfg = Debug|Any CPU
		{FF029D77-5367-4822-844E-A173D2854F91}.Debug|Any CPU.Build.0 = Debug|Any CPU
		{FF029D77-5367-4822-844E-A173D2854F91}.Release|Any CPU.ActiveCfg = Release|Any CPU
		{FF029D77-5367-4822-844E-A173D2854F91}.Release|Any CPU.Build.0 = Release|Any CPU
	EndGlobalSection
	GlobalSection(SolutionProperties) = preSolution
		HideSolutionNode = FALSE
	EndGlobalSection
	GlobalSection(ExtensibilityGlobals) = postSolution
		SolutionGuid = {B8BF4C1E-FCEF-42EC-A562-38353DD520BC}
	EndGlobalSection
EndGlobal
